
Microsoft Visual Studio Solution File, Format Version 12.00
# Visual Studio Version 16
VisualStudioVersion = 16.0.31313.381
MinimumVisualStudioVersion = 10.0.40219.1
Project("{FAE04EC0-301F-11D3-BF4B-00C04F79EFBC}") = "wms", "wms\wms.csproj", "{6B0D6998-BF76-415B-A1C1-E512F0D99B45}"
EndProject
Project("{FAE04EC0-301F-11D3-BF4B-00C04F79EFBC}") = "wms.Controls", "wms.Controls\wms.Controls.csproj", "{6154F936-BA34-42CD-A2E9-D19AD75BCF7D}"
EndProject
Global
	GlobalSection(SolutionConfigurationPlatforms) = preSolution
		Debug|Any CPU = Debug|Any CPU
		Release|Any CPU = Release|Any CPU
	EndGlobalSection
	GlobalSection(ProjectConfigurationPlatforms) = postSolution
		{6B0D6998-BF76-415B-A1C1-E512F0D99B45}.Debug|Any CPU.ActiveCfg = Debug|Any CPU
		{6B0D6998-BF76-415B-A1C1-E512F0D99B45}.Debug|Any CPU.Build.0 = Debug|Any CPU
		{6B0D6998-BF76-415B-A1C1-E512F0D99B45}.Release|Any CPU.ActiveCfg = Release|Any CPU
		{6B0D6998-BF76-415B-A1C1-E512F0D99B45}.Release|Any CPU.Build.0 = Release|Any CPU
		{6154F936-BA34-42CD-A2E9-D19AD75BCF7D}.Debug|Any CPU.ActiveCfg = Debug|Any CPU
		{6154F936-BA34-42CD-A2E9-D19AD75BCF7D}.Debug|Any CPU.Build.0 = Debug|Any CPU
		{6154F936-BA34-42CD-A2E9-D19AD75BCF7D}.Release|Any CPU.ActiveCfg = Release|Any CPU
		{6154F936-BA34-42CD-A2E9-D19AD75BCF7D}.Release|Any CPU.Build.0 = Release|Any CPU
	EndGlobalSection
	GlobalSection(SolutionProperties) = preSolution
		HideSolutionNode = FALSE
	EndGlobalSection
	GlobalSection(ExtensibilityGlobals) = postSolution
		SolutionGuid = {989E72A1-BD90-4E59-A34A-40F2A87D90FE}
	EndGlobalSection
EndGlobal
